
Microsoft Visual Studio Solution File, Format Version 12.00
# Visual Studio Version 17
VisualStudioVersion = 17.8.34525.116
MinimumVisualStudioVersion = 10.0.40219.1
Project("{FAE04EC0-301F-11D3-BF4B-00C04F79EFBC}") = "DataSaving", "DataSaving\DataSaving.csproj", "{F033A628-0076-4DA4-AD26-B297750E9858}"
EndProject
Global
	GlobalSection(SolutionConfigurationPlatforms) = preSolution
		Debug|Any CPU = Debug|Any CPU
		Release|Any CPU = Release|Any CPU
	EndGlobalSection
	GlobalSection(ProjectConfigurationPlatforms) = postSolution
		{F033A628-0076-4DA4-AD26-B297750E9858}.Debug|Any CPU.ActiveCfg = Debug|Any CPU
		{F033A628-0076-4DA4-AD26-B297750E9858}.Debug|Any CPU.Build.0 = Debug|Any CPU
		{F033A628-0076-4DA4-AD26-B297750E9858}.Release|Any CPU.ActiveCfg = Release|Any CPU
		{F033A628-0076-4DA4-AD26-B297750E9858}.Release|Any CPU.Build.0 = Release|Any CPU
	EndGlobalSection
	GlobalSection(SolutionProperties) = preSolution
		HideSolutionNode = FALSE
	EndGlobalSection
	GlobalSection(ExtensibilityGlobals) = postSolution
		SolutionGuid = {8F020209-173A-4223-BF6D-858F1FAFDB5D}
	EndGlobalSection
EndGlobal
